
Microsoft Visual Studio Solution File, Format Version 12.00
# Visual Studio Version 17
VisualStudioVersion = 17.7.34031.279
MinimumVisualStudioVersion = 10.0.40219.1
Project("{FAE04EC0-301F-11D3-BF4B-00C04F79EFBC}") = "DK.MyClassLibrary", "DK.MyClassLibrary\DK.MyClassLibrary.csproj", "{928CF9EA-C972-49A1-B381-51D18786BE60}"
EndProject
Global
	GlobalSection(SolutionConfigurationPlatforms) = preSolution
		Debug|Any CPU = Debug|Any CPU
		Release|Any CPU = Release|Any CPU
	EndGlobalSection
	GlobalSection(ProjectConfigurationPlatforms) = postSolution
		{928CF9EA-C972-49A1-B381-51D18786BE60}.Debug|Any CPU.ActiveCfg = Debug|Any CPU
		{928CF9EA-C972-49A1-B381-51D18786BE60}.Debug|Any CPU.Build.0 = Debug|Any CPU
		{928CF9EA-C972-49A1-B381-51D18786BE60}.Release|Any CPU.ActiveCfg = Release|Any CPU
		{928CF9EA-C972-49A1-B381-51D18786BE60}.Release|Any CPU.Build.0 = Release|Any CPU
	EndGlobalSection
	GlobalSection(SolutionProperties) = preSolution
		HideSolutionNode = FALSE
	EndGlobalSection
	GlobalSection(ExtensibilityGlobals) = postSolution
		SolutionGuid = {DB466512-1397-4321-BD62-9D996781DE4F}
	EndGlobalSection
EndGlobal
